
Microsoft Visual Studio Solution File, Format Version 12.00
# Visual Studio Version 17
VisualStudioVersion = 17.10.35122.118
MinimumVisualStudioVersion = 10.0.40219.1
Project("{FAE04EC0-301F-11D3-BF4B-00C04F79EFBC}") = "Ex01_01", "Ex01_01\Ex01_01.csproj", "{08D26BA3-0CFE-421E-BF53-25C3C3A35314}"
EndProject
Project("{FAE04EC0-301F-11D3-BF4B-00C04F79EFBC}") = "Ex01_02", "Ex01_02\Ex01_02.csproj", "{026E8B17-F071-4B50-9D98-12906928BE88}"
EndProject
Project("{FAE04EC0-301F-11D3-BF4B-00C04F79EFBC}") = "Ex01_03", "Ex01_03\Ex01_03.csproj", "{1B51773C-6A33-4DF9-96CA-609811B92A89}"
EndProject
Project("{FAE04EC0-301F-11D3-BF4B-00C04F79EFBC}") = "Ex01_04", "Ex01_04\Ex01_04.csproj", "{6CDAD0B2-B95E-417B-88C3-878F1D2A0D34}"
EndProject
Project("{FAE04EC0-301F-11D3-BF4B-00C04F79EFBC}") = "Ex01_05", "Ex01_05\Ex01_05.csproj", "{373A7ACF-2002-4F79-B6A3-CCFD56C76AE9}"
EndProject
Global
	GlobalSection(SolutionConfigurationPlatforms) = preSolution
		Debug|Any CPU = Debug|Any CPU
		Release|Any CPU = Release|Any CPU
	EndGlobalSection
	GlobalSection(ProjectConfigurationPlatforms) = postSolution
		{08D26BA3-0CFE-421E-BF53-25C3C3A35314}.Debug|Any CPU.ActiveCfg = Debug|Any CPU
		{08D26BA3-0CFE-421E-BF53-25C3C3A35314}.Debug|Any CPU.Build.0 = Debug|Any CPU
		{08D26BA3-0CFE-421E-BF53-25C3C3A35314}.Release|Any CPU.ActiveCfg = Release|Any CPU
		{08D26BA3-0CFE-421E-BF53-25C3C3A35314}.Release|Any CPU.Build.0 = Release|Any CPU
		{026E8B17-F071-4B50-9D98-12906928BE88}.Debug|Any CPU.ActiveCfg = Debug|Any CPU
		{026E8B17-F071-4B50-9D98-12906928BE88}.Debug|Any CPU.Build.0 = Debug|Any CPU
		{026E8B17-F071-4B50-9D98-12906928BE88}.Release|Any CPU.ActiveCfg = Release|Any CPU
		{026E8B17-F071-4B50-9D98-12906928BE88}.Release|Any CPU.Build.0 = Release|Any CPU
		{1B51773C-6A33-4DF9-96CA-609811B92A89}.Debug|Any CPU.ActiveCfg = Debug|Any CPU
		{1B51773C-6A33-4DF9-96CA-609811B92A89}.Debug|Any CPU.Build.0 = Debug|Any CPU
		{1B51773C-6A33-4DF9-96CA-609811B92A89}.Release|Any CPU.ActiveCfg = Release|Any CPU
		{1B51773C-6A33-4DF9-96CA-609811B92A89}.Release|Any CPU.Build.0 = Release|Any CPU
		{6CDAD0B2-B95E-417B-88C3-878F1D2A0D34}.Debug|Any CPU.ActiveCfg = Debug|Any CPU
		{6CDAD0B2-B95E-417B-88C3-878F1D2A0D34}.Debug|Any CPU.Build.0 = Debug|Any CPU
		{6CDAD0B2-B95E-417B-88C3-878F1D2A0D34}.Release|Any CPU.ActiveCfg = Release|Any CPU
		{6CDAD0B2-B95E-417B-88C3-878F1D2A0D34}.Release|Any CPU.Build.0 = Release|Any CPU
		{373A7ACF-2002-4F79-B6A3-CCFD56C76AE9}.Debug|Any CPU.ActiveCfg = Debug|Any CPU
		{373A7ACF-2002-4F79-B6A3-CCFD56C76AE9}.Debug|Any CPU.Build.0 = Debug|Any CPU
		{373A7ACF-2002-4F79-B6A3-CCFD56C76AE9}.Release|Any CPU.ActiveCfg = Release|Any CPU
		{373A7ACF-2002-4F79-B6A3-CCFD56C76AE9}.Release|Any CPU.Build.0 = Release|Any CPU
	EndGlobalSection
	GlobalSection(SolutionProperties) = preSolution
		HideSolutionNode = FALSE
	EndGlobalSection
	GlobalSection(ExtensibilityGlobals) = postSolution
		SolutionGuid = {09DF4721-0F2F-4579-8A13-6E19B2B8C4AF}
	EndGlobalSection
EndGlobal
